Microsoft Visual Studio Solution File, Format Version 12.00
# Visual Studio Version 17
VisualStudioVersion = 17.5.2.0
MinimumVisualStudioVersion = 10.0.40219.1
Project("{FAE04EC0-301F-11D3-BF4B-00C04F79EFBC}") = "Ex09", "Ex09.csproj", "{8CE93FDD-EE7A-CFB0-E407-056DF93A6FAF}"
EndProject
Global
	GlobalSection(SolutionConfigurationPlatforms) = preSolution
		Debug|Any CPU = Debug|Any CPU
		Release|Any CPU = Release|Any CPU
	EndGlobalSection
	GlobalSection(ProjectConfigurationPlatforms) = postSolution
		{8CE93FDD-EE7A-CFB0-E407-056DF93A6FAF}.Debug|Any CPU.ActiveCfg = Debug|Any CPU
		{8CE93FDD-EE7A-CFB0-E407-056DF93A6FAF}.Debug|Any CPU.Build.0 = Debug|Any CPU
		{8CE93FDD-EE7A-CFB0-E407-056DF93A6FAF}.Release|Any CPU.ActiveCfg = Release|Any CPU
		{8CE93FDD-EE7A-CFB0-E407-056DF93A6FAF}.Release|Any CPU.Build.0 = Release|Any CPU
	EndGlobalSection
	GlobalSection(SolutionProperties) = preSolution
		HideSolutionNode = FALSE
	EndGlobalSection
	GlobalSection(ExtensibilityGlobals) = postSolution
		SolutionGuid = {4CD0311B-4E94-49E2-854B-264BDD4C049A}
	EndGlobalSection
EndGlobal
