Microsoft Visual Studio Solution File, Format Version 12.00
# Visual Studio Version 17
VisualStudioVersion = 17.5.2.0
MinimumVisualStudioVersion = 10.0.40219.1
Project("{FAE04EC0-301F-11D3-BF4B-00C04F79EFBC}") = "Ex36", "Ex36.csproj", "{ABCEB72A-73FD-BB35-6709-6E07E064E744}"
EndProject
Global
	GlobalSection(SolutionConfigurationPlatforms) = preSolution
		Debug|Any CPU = Debug|Any CPU
		Release|Any CPU = Release|Any CPU
	EndGlobalSection
	GlobalSection(ProjectConfigurationPlatforms) = postSolution
		{ABCEB72A-73FD-BB35-6709-6E07E064E744}.Debug|Any CPU.ActiveCfg = Debug|Any CPU
		{ABCEB72A-73FD-BB35-6709-6E07E064E744}.Debug|Any CPU.Build.0 = Debug|Any CPU
		{ABCEB72A-73FD-BB35-6709-6E07E064E744}.Release|Any CPU.ActiveCfg = Release|Any CPU
		{ABCEB72A-73FD-BB35-6709-6E07E064E744}.Release|Any CPU.Build.0 = Release|Any CPU
	EndGlobalSection
	GlobalSection(SolutionProperties) = preSolution
		HideSolutionNode = FALSE
	EndGlobalSection
	GlobalSection(ExtensibilityGlobals) = postSolution
		SolutionGuid = {AFAE349D-6D0E-4BB0-A8D7-43BAAC2B9A0E}
	EndGlobalSection
EndGlobal
