Microsoft Visual Studio Solution File, Format Version 12.00
# Visual Studio Version 17
VisualStudioVersion = 17.5.2.0
MinimumVisualStudioVersion = 10.0.40219.1
Project("{FAE04EC0-301F-11D3-BF4B-00C04F79EFBC}") = "Ex36NovamenteParaTreinar", "Ex36NovamenteParaTreinar.csproj", "{649DDC71-41EE-CCBF-DAD0-5C85D1F413FC}"
EndProject
Global
	GlobalSection(SolutionConfigurationPlatforms) = preSolution
		Debug|Any CPU = Debug|Any CPU
		Release|Any CPU = Release|Any CPU
	EndGlobalSection
	GlobalSection(ProjectConfigurationPlatforms) = postSolution
		{649DDC71-41EE-CCBF-DAD0-5C85D1F413FC}.Debug|Any CPU.ActiveCfg = Debug|Any CPU
		{649DDC71-41EE-CCBF-DAD0-5C85D1F413FC}.Debug|Any CPU.Build.0 = Debug|Any CPU
		{649DDC71-41EE-CCBF-DAD0-5C85D1F413FC}.Release|Any CPU.ActiveCfg = Release|Any CPU
		{649DDC71-41EE-CCBF-DAD0-5C85D1F413FC}.Release|Any CPU.Build.0 = Release|Any CPU
	EndGlobalSection
	GlobalSection(SolutionProperties) = preSolution
		HideSolutionNode = FALSE
	EndGlobalSection
	GlobalSection(ExtensibilityGlobals) = postSolution
		SolutionGuid = {AD176F77-1087-468F-BC84-3B9952B8F794}
	EndGlobalSection
EndGlobal
