Microsoft Visual Studio Solution File, Format Version 12.00
# Visual Studio Version 17
VisualStudioVersion = 17.5.2.0
MinimumVisualStudioVersion = 10.0.40219.1
Project("{FAE04EC0-301F-11D3-BF4B-00C04F79EFBC}") = "AddOrSubtract3", "AddOrSubtract3.csproj", "{3C5FFA52-9133-B454-668B-402E1071D16C}"
EndProject
Global
	GlobalSection(SolutionConfigurationPlatforms) = preSolution
		Debug|Any CPU = Debug|Any CPU
		Release|Any CPU = Release|Any CPU
	EndGlobalSection
	GlobalSection(ProjectConfigurationPlatforms) = postSolution
		{3C5FFA52-9133-B454-668B-402E1071D16C}.Debug|Any CPU.ActiveCfg = Debug|Any CPU
		{3C5FFA52-9133-B454-668B-402E1071D16C}.Debug|Any CPU.Build.0 = Debug|Any CPU
		{3C5FFA52-9133-B454-668B-402E1071D16C}.Release|Any CPU.ActiveCfg = Release|Any CPU
		{3C5FFA52-9133-B454-668B-402E1071D16C}.Release|Any CPU.Build.0 = Release|Any CPU
	EndGlobalSection
	GlobalSection(SolutionProperties) = preSolution
		HideSolutionNode = FALSE
	EndGlobalSection
	GlobalSection(ExtensibilityGlobals) = postSolution
		SolutionGuid = {84B24BC4-8E53-4C38-AB93-25B67DBE1C78}
	EndGlobalSection
EndGlobal
