Microsoft Visual Studio Solution File, Format Version 12.00
# Visual Studio Version 17
VisualStudioVersion = 17.5.2.0
MinimumVisualStudioVersion = 10.0.40219.1
Project("{FAE04EC0-301F-11D3-BF4B-00C04F79EFBC}") = "Ex17", "Ex17.csproj", "{5F0AFB5E-CF3A-B43C-047C-0CFD8F1C6643}"
EndProject
Global
	GlobalSection(SolutionConfigurationPlatforms) = preSolution
		Debug|Any CPU = Debug|Any CPU
		Release|Any CPU = Release|Any CPU
	EndGlobalSection
	GlobalSection(ProjectConfigurationPlatforms) = postSolution
		{5F0AFB5E-CF3A-B43C-047C-0CFD8F1C6643}.Debug|Any CPU.ActiveCfg = Debug|Any CPU
		{5F0AFB5E-CF3A-B43C-047C-0CFD8F1C6643}.Debug|Any CPU.Build.0 = Debug|Any CPU
		{5F0AFB5E-CF3A-B43C-047C-0CFD8F1C6643}.Release|Any CPU.ActiveCfg = Release|Any CPU
		{5F0AFB5E-CF3A-B43C-047C-0CFD8F1C6643}.Release|Any CPU.Build.0 = Release|Any CPU
	EndGlobalSection
	GlobalSection(SolutionProperties) = preSolution
		HideSolutionNode = FALSE
	EndGlobalSection
	GlobalSection(ExtensibilityGlobals) = postSolution
		SolutionGuid = {0B9392A0-D24F-4B1E-8476-69431B64F54C}
	EndGlobalSection
EndGlobal
