Microsoft Visual Studio Solution File, Format Version 12.00
# Visual Studio Version 17
VisualStudioVersion = 17.5.2.0
MinimumVisualStudioVersion = 10.0.40219.1
Project("{FAE04EC0-301F-11D3-BF4B-00C04F79EFBC}") = "Ex17AgainParaTreinar", "Ex17AgainParaTreinar.csproj", "{68DC2EE8-6EFE-BD9F-0F44-AD4EAAC2AB25}"
EndProject
Global
	GlobalSection(SolutionConfigurationPlatforms) = preSolution
		Debug|Any CPU = Debug|Any CPU
		Release|Any CPU = Release|Any CPU
	EndGlobalSection
	GlobalSection(ProjectConfigurationPlatforms) = postSolution
		{68DC2EE8-6EFE-BD9F-0F44-AD4EAAC2AB25}.Debug|Any CPU.ActiveCfg = Debug|Any CPU
		{68DC2EE8-6EFE-BD9F-0F44-AD4EAAC2AB25}.Debug|Any CPU.Build.0 = Debug|Any CPU
		{68DC2EE8-6EFE-BD9F-0F44-AD4EAAC2AB25}.Release|Any CPU.ActiveCfg = Release|Any CPU
		{68DC2EE8-6EFE-BD9F-0F44-AD4EAAC2AB25}.Release|Any CPU.Build.0 = Release|Any CPU
	EndGlobalSection
	GlobalSection(SolutionProperties) = preSolution
		HideSolutionNode = FALSE
	EndGlobalSection
	GlobalSection(ExtensibilityGlobals) = postSolution
		SolutionGuid = {3529D414-0B41-4324-9752-BB110141A0D6}
	EndGlobalSection
EndGlobal
