Microsoft Visual Studio Solution File, Format Version 12.00
# Visual Studio Version 17
VisualStudioVersion = 17.5.2.0
MinimumVisualStudioVersion = 10.0.40219.1
Project("{FAE04EC0-301F-11D3-BF4B-00C04F79EFBC}") = "Ex26", "Ex26.csproj", "{05AF36FE-9A99-2061-B4CA-8042EA31E3AE}"
EndProject
Global
	GlobalSection(SolutionConfigurationPlatforms) = preSolution
		Debug|Any CPU = Debug|Any CPU
		Release|Any CPU = Release|Any CPU
	EndGlobalSection
	GlobalSection(ProjectConfigurationPlatforms) = postSolution
		{05AF36FE-9A99-2061-B4CA-8042EA31E3AE}.Debug|Any CPU.ActiveCfg = Debug|Any CPU
		{05AF36FE-9A99-2061-B4CA-8042EA31E3AE}.Debug|Any CPU.Build.0 = Debug|Any CPU
		{05AF36FE-9A99-2061-B4CA-8042EA31E3AE}.Release|Any CPU.ActiveCfg = Release|Any CPU
		{05AF36FE-9A99-2061-B4CA-8042EA31E3AE}.Release|Any CPU.Build.0 = Release|Any CPU
	EndGlobalSection
	GlobalSection(SolutionProperties) = preSolution
		HideSolutionNode = FALSE
	EndGlobalSection
	GlobalSection(ExtensibilityGlobals) = postSolution
		SolutionGuid = {76F169B3-B8A6-46A8-823F-911AA88266CC}
	EndGlobalSection
EndGlobal
