Microsoft Visual Studio Solution File, Format Version 12.00
# Visual Studio Version 17
VisualStudioVersion = 17.5.2.0
MinimumVisualStudioVersion = 10.0.40219.1
Project("{FAE04EC0-301F-11D3-BF4B-00C04F79EFBC}") = "Ex11OutraVersao", "Ex11OutraVersao.csproj", "{3BCFAABF-34F5-5FDB-93FA-48B18C8368C6}"
EndProject
Global
	GlobalSection(SolutionConfigurationPlatforms) = preSolution
		Debug|Any CPU = Debug|Any CPU
		Release|Any CPU = Release|Any CPU
	EndGlobalSection
	GlobalSection(ProjectConfigurationPlatforms) = postSolution
		{3BCFAABF-34F5-5FDB-93FA-48B18C8368C6}.Debug|Any CPU.ActiveCfg = Debug|Any CPU
		{3BCFAABF-34F5-5FDB-93FA-48B18C8368C6}.Debug|Any CPU.Build.0 = Debug|Any CPU
		{3BCFAABF-34F5-5FDB-93FA-48B18C8368C6}.Release|Any CPU.ActiveCfg = Release|Any CPU
		{3BCFAABF-34F5-5FDB-93FA-48B18C8368C6}.Release|Any CPU.Build.0 = Release|Any CPU
	EndGlobalSection
	GlobalSection(SolutionProperties) = preSolution
		HideSolutionNode = FALSE
	EndGlobalSection
	GlobalSection(ExtensibilityGlobals) = postSolution
		SolutionGuid = {690165FC-79FC-448F-926D-D63C4678FA7A}
	EndGlobalSection
EndGlobal
