Microsoft Visual Studio Solution File, Format Version 12.00
# Visual Studio Version 17
VisualStudioVersion = 17.5.2.0
MinimumVisualStudioVersion = 10.0.40219.1
Project("{FAE04EC0-301F-11D3-BF4B-00C04F79EFBC}") = "Ex35Refatorado", "Ex35Refatorado.csproj", "{3DFFB990-40FA-F00C-5599-77A9F5935CEE}"
EndProject
Global
	GlobalSection(SolutionConfigurationPlatforms) = preSolution
		Debug|Any CPU = Debug|Any CPU
		Release|Any CPU = Release|Any CPU
	EndGlobalSection
	GlobalSection(ProjectConfigurationPlatforms) = postSolution
		{3DFFB990-40FA-F00C-5599-77A9F5935CEE}.Debug|Any CPU.ActiveCfg = Debug|Any CPU
		{3DFFB990-40FA-F00C-5599-77A9F5935CEE}.Debug|Any CPU.Build.0 = Debug|Any CPU
		{3DFFB990-40FA-F00C-5599-77A9F5935CEE}.Release|Any CPU.ActiveCfg = Release|Any CPU
		{3DFFB990-40FA-F00C-5599-77A9F5935CEE}.Release|Any CPU.Build.0 = Release|Any CPU
	EndGlobalSection
	GlobalSection(SolutionProperties) = preSolution
		HideSolutionNode = FALSE
	EndGlobalSection
	GlobalSection(ExtensibilityGlobals) = postSolution
		SolutionGuid = {A5E4D11E-D189-4C53-B5CE-A6019C53AF90}
	EndGlobalSection
EndGlobal
