Microsoft Visual Studio Solution File, Format Version 12.00
# Visual Studio Version 17
VisualStudioVersion = 17.5.2.0
MinimumVisualStudioVersion = 10.0.40219.1
Project("{FAE04EC0-301F-11D3-BF4B-00C04F79EFBC}") = "Ex21", "Ex21.csproj", "{03248AA8-6421-7127-8315-A8DD84AB99BB}"
EndProject
Global
	GlobalSection(SolutionConfigurationPlatforms) = preSolution
		Debug|Any CPU = Debug|Any CPU
		Release|Any CPU = Release|Any CPU
	EndGlobalSection
	GlobalSection(ProjectConfigurationPlatforms) = postSolution
		{03248AA8-6421-7127-8315-A8DD84AB99BB}.Debug|Any CPU.ActiveCfg = Debug|Any CPU
		{03248AA8-6421-7127-8315-A8DD84AB99BB}.Debug|Any CPU.Build.0 = Debug|Any CPU
		{03248AA8-6421-7127-8315-A8DD84AB99BB}.Release|Any CPU.ActiveCfg = Release|Any CPU
		{03248AA8-6421-7127-8315-A8DD84AB99BB}.Release|Any CPU.Build.0 = Release|Any CPU
	EndGlobalSection
	GlobalSection(SolutionProperties) = preSolution
		HideSolutionNode = FALSE
	EndGlobalSection
	GlobalSection(ExtensibilityGlobals) = postSolution
		SolutionGuid = {6AED8327-AFEE-44A9-9417-8D30AFCDBF79}
	EndGlobalSection
EndGlobal
